
Microsoft Visual Studio Solution File, Format Version 12.00
# Visual Studio Version 17
VisualStudioVersion = 17.11.35312.102
MinimumVisualStudioVersion = 10.0.40219.1
Project("{FAE04EC0-301F-11D3-BF4B-00C04F79EFBC}") = "RUAP_ConsoleApp", "RUAP_ConsoleApp.csproj", "{BA7CDD8E-CF20-4893-B33C-1343B6A2A3D2}"
EndProject
Global
	GlobalSection(SolutionConfigurationPlatforms) = preSolution
		Debug|Any CPU = Debug|Any CPU
		Release|Any CPU = Release|Any CPU
	EndGlobalSection
	GlobalSection(ProjectConfigurationPlatforms) = postSolution
		{BA7CDD8E-CF20-4893-B33C-1343B6A2A3D2}.Debug|Any CPU.ActiveCfg = Debug|Any CPU
		{BA7CDD8E-CF20-4893-B33C-1343B6A2A3D2}.Debug|Any CPU.Build.0 = Debug|Any CPU
		{BA7CDD8E-CF20-4893-B33C-1343B6A2A3D2}.Release|Any CPU.ActiveCfg = Release|Any CPU
		{BA7CDD8E-CF20-4893-B33C-1343B6A2A3D2}.Release|Any CPU.Build.0 = Release|Any CPU
	EndGlobalSection
	GlobalSection(SolutionProperties) = preSolution
		HideSolutionNode = FALSE
	EndGlobalSection
	GlobalSection(ExtensibilityGlobals) = postSolution
		SolutionGuid = {840A8DB9-368A-4CA0-9896-B59F6A302902}
	EndGlobalSection
EndGlobal
